
Microsoft Visual Studio Solution File, Format Version 12.00
# Visual Studio Version 17
VisualStudioVersion = 17.1.32210.238
MinimumVisualStudioVersion = 10.0.40219.1
Project("{FAE04EC0-301F-11D3-BF4B-00C04F79EFBC}") = "logic_buildingpractise", "logic_buildingpractise\logic_buildingpractise.csproj", "{06369B9D-07BA-4246-AE9E-F1DC272B20FE}"
EndProject
Global
	GlobalSection(SolutionConfigurationPlatforms) = preSolution
		Debug|Any CPU = Debug|Any CPU
		Release|Any CPU = Release|Any CPU
	EndGlobalSection
	GlobalSection(ProjectConfigurationPlatforms) = postSolution
		{06369B9D-07BA-4246-AE9E-F1DC272B20FE}.Debug|Any CPU.ActiveCfg = Debug|Any CPU
		{06369B9D-07BA-4246-AE9E-F1DC272B20FE}.Debug|Any CPU.Build.0 = Debug|Any CPU
		{06369B9D-07BA-4246-AE9E-F1DC272B20FE}.Release|Any CPU.ActiveCfg = Release|Any CPU
		{06369B9D-07BA-4246-AE9E-F1DC272B20FE}.Release|Any CPU.Build.0 = Release|Any CPU
	EndGlobalSection
	GlobalSection(SolutionProperties) = preSolution
		HideSolutionNode = FALSE
	EndGlobalSection
	GlobalSection(ExtensibilityGlobals) = postSolution
		SolutionGuid = {DAE5A3BB-17C9-4106-98A5-3CC86B9987BB}
	EndGlobalSection
EndGlobal
